
Microsoft Visual Studio Solution File, Format Version 12.00
# Visual Studio Version 17
VisualStudioVersion = 17.12.35527.113 d17.12
MinimumVisualStudioVersion = 10.0.40219.1
Project("{FAE04EC0-301F-11D3-BF4B-00C04F79EFBC}") = "Engine", "Engine.csproj", "{EC38CDAF-944A-4A92-B099-E3A67BC8B0D5}"
EndProject
Global
	GlobalSection(SolutionConfigurationPlatforms) = preSolution
		Debug|Any CPU = Debug|Any CPU
		Release|Any CPU = Release|Any CPU
	EndGlobalSection
	GlobalSection(ProjectConfigurationPlatforms) = postSolution
		{EC38CDAF-944A-4A92-B099-E3A67BC8B0D5}.Debug|Any CPU.ActiveCfg = Debug|Any CPU
		{EC38CDAF-944A-4A92-B099-E3A67BC8B0D5}.Debug|Any CPU.Build.0 = Debug|Any CPU
		{EC38CDAF-944A-4A92-B099-E3A67BC8B0D5}.Release|Any CPU.ActiveCfg = Release|Any CPU
		{EC38CDAF-944A-4A92-B099-E3A67BC8B0D5}.Release|Any CPU.Build.0 = Release|Any CPU
	EndGlobalSection
	GlobalSection(SolutionProperties) = preSolution
		HideSolutionNode = FALSE
	EndGlobalSection
EndGlobal
