
Microsoft Visual Studio Solution File, Format Version 12.00
# Visual Studio Version 17
VisualStudioVersion = 17.6.33712.159
MinimumVisualStudioVersion = 10.0.40219.1
Project("{FAE04EC0-301F-11D3-BF4B-00C04F79EFBC}") = "TileConverter", "TileConverter\TileConverter.csproj", "{48E0B834-F782-40D1-BE15-24C5FE4AF414}"
EndProject
Global
	GlobalSection(SolutionConfigurationPlatforms) = preSolution
		Debug|Any CPU = Debug|Any CPU
		Release|Any CPU = Release|Any CPU
	EndGlobalSection
	GlobalSection(ProjectConfigurationPlatforms) = postSolution
		{48E0B834-F782-40D1-BE15-24C5FE4AF414}.Debug|Any CPU.ActiveCfg = Debug|Any CPU
		{48E0B834-F782-40D1-BE15-24C5FE4AF414}.Debug|Any CPU.Build.0 = Debug|Any CPU
		{48E0B834-F782-40D1-BE15-24C5FE4AF414}.Release|Any CPU.ActiveCfg = Release|Any CPU
		{48E0B834-F782-40D1-BE15-24C5FE4AF414}.Release|Any CPU.Build.0 = Release|Any CPU
	EndGlobalSection
	GlobalSection(SolutionProperties) = preSolution
		HideSolutionNode = FALSE
	EndGlobalSection
	GlobalSection(ExtensibilityGlobals) = postSolution
		SolutionGuid = {4304E7BA-6333-4CE7-9FE2-6EC2EB97E63A}
	EndGlobalSection
EndGlobal
