
Microsoft Visual Studio Solution File, Format Version 12.00
# Visual Studio Version 17
VisualStudioVersion = 17.6.33723.286
MinimumVisualStudioVersion = 10.0.40219.1
Project("{FAE04EC0-301F-11D3-BF4B-00C04F79EFBC}") = "TileCombiner", "TileCombiner\TileCombiner.csproj", "{8C4556C0-B515-448E-BBA3-1973F09B40EA}"
EndProject
Global
	GlobalSection(SolutionConfigurationPlatforms) = preSolution
		Debug|Any CPU = Debug|Any CPU
		Release|Any CPU = Release|Any CPU
	EndGlobalSection
	GlobalSection(ProjectConfigurationPlatforms) = postSolution
		{8C4556C0-B515-448E-BBA3-1973F09B40EA}.Debug|Any CPU.ActiveCfg = Debug|Any CPU
		{8C4556C0-B515-448E-BBA3-1973F09B40EA}.Debug|Any CPU.Build.0 = Debug|Any CPU
		{8C4556C0-B515-448E-BBA3-1973F09B40EA}.Release|Any CPU.ActiveCfg = Release|Any CPU
		{8C4556C0-B515-448E-BBA3-1973F09B40EA}.Release|Any CPU.Build.0 = Release|Any CPU
	EndGlobalSection
	GlobalSection(SolutionProperties) = preSolution
		HideSolutionNode = FALSE
	EndGlobalSection
	GlobalSection(ExtensibilityGlobals) = postSolution
		SolutionGuid = {B6C7C37C-1056-460E-89C9-C07E32601816}
	EndGlobalSection
EndGlobal
